
Microsoft Visual Studio Solution File, Format Version 12.00
# Visual Studio 15
VisualStudioVersion = 15.0.28307.1169
MinimumVisualStudioVersion = 10.0.40219.1
Project("{FAE04EC0-301F-11D3-BF4B-00C04F79EFBC}") = "WebTareoHaug", "WebTareoHaug\WebTareoHaug.csproj", "{B3FCFCDF-5802-4F1F-A031-9450A00F85CE}"
EndProject
Project("{FAE04EC0-301F-11D3-BF4B-00C04F79EFBC}") = "ClsFunciones", "ClsFunciones\ClsFunciones.csproj", "{A3CB4727-2E16-4380-9429-92D69F47FAA2}"
EndProject
Project("{FAE04EC0-301F-11D3-BF4B-00C04F79EFBC}") = "ClsData", "ClsData\ClsData.csproj", "{B09EE80D-D574-4A1B-BFFC-43298262D16C}"
EndProject
Project("{FAE04EC0-301F-11D3-BF4B-00C04F79EFBC}") = "ClsBusiness", "ClsBusiness\ClsBusiness.csproj", "{6BCC7F8A-76EB-4065-B54D-68DBFB29A378}"
EndProject
Project("{FAE04EC0-301F-11D3-BF4B-00C04F79EFBC}") = "ClsEntity", "ClsEntity\ClsEntity.csproj", "{B997AD5F-3C75-4A8F-8000-8B31E0A76288}"
EndProject
Global
	GlobalSection(SolutionConfigurationPlatforms) = preSolution
		Debug|Any CPU = Debug|Any CPU
		Release|Any CPU = Release|Any CPU
	EndGlobalSection
	GlobalSection(ProjectConfigurationPlatforms) = postSolution
		{B3FCFCDF-5802-4F1F-A031-9450A00F85CE}.Debug|Any CPU.ActiveCfg = Debug|Any CPU
		{B3FCFCDF-5802-4F1F-A031-9450A00F85CE}.Debug|Any CPU.Build.0 = Debug|Any CPU
		{B3FCFCDF-5802-4F1F-A031-9450A00F85CE}.Release|Any CPU.ActiveCfg = Release|Any CPU
		{B3FCFCDF-5802-4F1F-A031-9450A00F85CE}.Release|Any CPU.Build.0 = Release|Any CPU
		{A3CB4727-2E16-4380-9429-92D69F47FAA2}.Debug|Any CPU.ActiveCfg = Debug|Any CPU
		{A3CB4727-2E16-4380-9429-92D69F47FAA2}.Debug|Any CPU.Build.0 = Debug|Any CPU
		{A3CB4727-2E16-4380-9429-92D69F47FAA2}.Release|Any CPU.ActiveCfg = Release|Any CPU
		{A3CB4727-2E16-4380-9429-92D69F47FAA2}.Release|Any CPU.Build.0 = Release|Any CPU
		{B09EE80D-D574-4A1B-BFFC-43298262D16C}.Debug|Any CPU.ActiveCfg = Debug|Any CPU
		{B09EE80D-D574-4A1B-BFFC-43298262D16C}.Debug|Any CPU.Build.0 = Debug|Any CPU
		{B09EE80D-D574-4A1B-BFFC-43298262D16C}.Release|Any CPU.ActiveCfg = Release|Any CPU
		{B09EE80D-D574-4A1B-BFFC-43298262D16C}.Release|Any CPU.Build.0 = Release|Any CPU
		{6BCC7F8A-76EB-4065-B54D-68DBFB29A378}.Debug|Any CPU.ActiveCfg = Debug|Any CPU
		{6BCC7F8A-76EB-4065-B54D-68DBFB29A378}.Debug|Any CPU.Build.0 = Debug|Any CPU
		{6BCC7F8A-76EB-4065-B54D-68DBFB29A378}.Release|Any CPU.ActiveCfg = Release|Any CPU
		{6BCC7F8A-76EB-4065-B54D-68DBFB29A378}.Release|Any CPU.Build.0 = Release|Any CPU
		{B997AD5F-3C75-4A8F-8000-8B31E0A76288}.Debug|Any CPU.ActiveCfg = Debug|Any CPU
		{B997AD5F-3C75-4A8F-8000-8B31E0A76288}.Debug|Any CPU.Build.0 = Debug|Any CPU
		{B997AD5F-3C75-4A8F-8000-8B31E0A76288}.Release|Any CPU.ActiveCfg = Release|Any CPU
		{B997AD5F-3C75-4A8F-8000-8B31E0A76288}.Release|Any CPU.Build.0 = Release|Any CPU
	EndGlobalSection
	GlobalSection(SolutionProperties) = preSolution
		HideSolutionNode = FALSE
	EndGlobalSection
	GlobalSection(ExtensibilityGlobals) = postSolution
		SolutionGuid = {F0E049EF-6650-4EA4-9755-49CA63F581F5}
	EndGlobalSection
EndGlobal
